// !$*UTF8*$!
{
	archiveVersion = 1;
	classes = {
	};
	objectVersion = 56;
	objects = {

/* Begin PBXBuildFile section */
		DA809DED2BBCD02B004AABCC /* AppDelegate.swift in Sources */ = {isa = PBXBuildFile; fileRef = DA809DEC2BBCD02B004AABCC /* AppDelegate.swift */; };
		DA809DEF2BBCD02B004AABCC /* SceneDelegate.swift in Sources */ = {isa = PBXBuildFile; fileRef = DA809DEE2BBCD02B004AABCC /* SceneDelegate.swift */; };
		DA809DF12BBCD02B004AABCC /* ViewController.swift in Sources */ = {isa = PBXBuildFile; fileRef = DA809DF02BBCD02B004AABCC /* ViewController.swift */; };
		DA809DF42BBCD02B004AABCC /* Main.storyboard in Resources */ = {isa = PBXBuildFile; fileRef = DA809DF22BBCD02B004AABCC /* Main.storyboard */; };
		DA809DF72BBCD02B004AABCC /* AboutMe.xcdatamodeld in Sources */ = {isa = PBXBuildFile; fileRef = DA809DF52BBCD02B004AABCC /* AboutMe.xcdatamodeld */; };
		DA809DF92BBCD02D004AABCC /* Assets.xcassets in Resources */ = {isa = PBXBuildFile; fileRef = DA809DF82BBCD02D004AABCC /* Assets.xcassets */; };
		DA809DFC2BBCD02D004AABCC /* LaunchScreen.storyboard in Resources */ = {isa = PBXBuildFile; fileRef = DA809DFA2BBCD02D004AABCC /* LaunchScreen.storyboard */; };
		DA809E072BBCD02D004AABCC /* AboutMeTests.swift in Sources */ = {isa = PBXBuildFile; fileRef = DA809E062BBCD02D004AABCC /* AboutMeTests.swift */; };
		DA809E112BBCD02D004AABCC /* AboutMeUITests.swift in Sources */ = {isa = PBXBuildFile; fileRef = DA809E102BBCD02D004AABCC /* AboutMeUITests.swift */; };
		DA809E132BBCD02D004AABCC /* AboutMeUITestsLaunchTests.swift in Sources */ = {isa = PBXBuildFile; fileRef = DA809E122BBCD02D004AABCC /* AboutMeUITestsLaunchTests.swift */; };
/* End PBXBuildFile section */

/* Begin PBXContainerItemProxy section */
		DA809E032BBCD02D004AABCC /* PBXContainerItemProxy */ = {
			isa = PBXContainerItemProxy;
			containerPortal = DA809DE12BBCD02B004AABCC /* Project object */;
			proxyType = 1;
			remoteGlobalIDString = DA809DE82BBCD02B004AABCC;
			remoteInfo = AboutMe;
		};
		DA809E0D2BBCD02D004AABCC /* PBXContainerItemProxy */ = {
			isa = PBXContainerItemProxy;
			containerPortal = DA809DE12BBCD02B004AABCC /* Project object */;
			proxyType = 1;
			remoteGlobalIDString = DA809DE82BBCD02B004AABCC;
			remoteInfo = AboutMe;
		};
/* End PBXContainerItemProxy section */

/* Begin PBXFileReference section */
		DA809DE92BBCD02B004AABCC /* AboutMe.app */ = {isa = PBXFileReference; explicitFileType = wrapper.application; includeInIndex = 0; path = AboutMe.app; sourceTree = BUILT_PRODUCTS_DIR; };
		DA809DEC2BBCD02B004AABCC /* AppDelegate.swift */ = {isa = PBXFileReference; lastKnownFileType = sourcecode.swift; path = AppDelegate.swift; sourceTree = "<group>"; };
		DA809DEE2BBCD02B004AABCC /* SceneDelegate.swift */ = {isa = PBXFileReference; lastKnownFileType = sourcecode.swift; path = SceneDelegate.swift; sourceTree = "<group>"; };
		DA809DF02BBCD02B004AABCC /* ViewController.swift */ = {isa = PBXFileReference; lastKnownFileType = sourcecode.swift; path = ViewController.swift; sourceTree = "<group>"; };
		DA809DF32BBCD02B004AABCC /* Base */ = {isa = PBXFileReference; lastKnownFileType = file.storyboard; name = Base; path = Base.lproj/Main.storyboard; sourceTree = "<group>"; };
		DA809DF62BBCD02B004AABCC /* AboutMe.xcdatamodel */ = {isa = PBXFileReference; lastKnownFileType = wrapper.xcdatamodel; path = AboutMe.xcdatamodel; sourceTree = "<group>"; };
		DA809DF82BBCD02D004AABCC /* Assets.xcassets */ = {isa = PBXFileReference; lastKnownFileType = folder.assetcatalog; path = Assets.xcassets; sourceTree = "<group>"; };
		DA809DFB2BBCD02D004AABCC /* Base */ = {isa = PBXFileReference; lastKnownFileType = file.storyboard; name = Base; path = Base.lproj/LaunchScreen.storyboard; sourceTree = "<group>"; };
		DA809DFD2BBCD02D004AABCC /* Info.plist */ = {isa = PBXFileReference; lastKnownFileType = text.plist.xml; path = Info.plist; sourceTree = "<group>"; };
		DA809E022BBCD02D004AABCC /* AboutMeTests.xctest */ = {isa = PBXFileReference; explicitFileType = wrapper.cfbundle; includeInIndex = 0; path = AboutMeTests.xctest; sourceTree = BUILT_PRODUCTS_DIR; };
		DA809E062BBCD02D004AABCC /* AboutMeTests.swift */ = {isa = PBXFileReference; lastKnownFileType = sourcecode.swift; path = AboutMeTests.swift; sourceTree = "<group>"; };
		DA809E0C2BBCD02D004AABCC /* AboutMeUITests.xctest */ = {isa = PBXFileReference; explicitFileType = wrapper.cfbundle; includeInIndex = 0; path = AboutMeUITests.xctest; sourceTree = BUILT_PRODUCTS_DIR; };
		DA809E102BBCD02D004AABCC /* AboutMeUITests.swift */ = {isa = PBXFileReference; lastKnownFileType = sourcecode.swift; path = AboutMeUITests.swift; sourceTree = "<group>"; };
		DA809E122BBCD02D004AABCC /* AboutMeUITestsLaunchTests.swift */ = {isa = PBXFileReference; lastKnownFileType = sourcecode.swift; path = AboutMeUITestsLaunchTests.swift; sourceTree = "<group>"; };
/* End PBXFileReference section */

/* Begin PBXFrameworksBuildPhase section */
		DA809DE62BBCD02B004AABCC /* Frameworks */ = {
			isa = PBXFrameworksBuildPhase;
			buildActionMask = 2147483647;
			files = (
			);
			runOnlyForDeploymentPostprocessing = 0;
		};
		DA809DFF2BBCD02D004AABCC /* Frameworks */ = {
			isa = PBXFrameworksBuildPhase;
			buildActionMask = 2147483647;
			files = (
			);
			runOnlyForDeploymentPostprocessing = 0;
		};
		DA809E092BBCD02D004AABCC /* Frameworks */ = {
			isa = PBXFrameworksBuildPhase;
			buildActionMask = 2147483647;
			files = (
			);
			runOnlyForDeploymentPostprocessing = 0;
		};
/* End PBXFrameworksBuildPhase section */

/* Begin PBXGroup section */
		DA809DE02BBCD02B004AABCC = {
			isa = PBXGroup;
			children = (
				DA809DEB2BBCD02B004AABCC /* AboutMe */,
				DA809E052BBCD02D004AABCC /* AboutMeTests */,
				DA809E0F2BBCD02D004AABCC /* AboutMeUITests */,
				DA809DEA2BBCD02B004AABCC /* Products */,
			);
			sourceTree = "<group>";
		};
		DA809DEA2BBCD02B004AABCC /* Products */ = {
			isa = PBXGroup;
			children = (
				DA809DE92BBCD02B004AABCC /* AboutMe.app */,
				DA809E022BBCD02D004AABCC /* AboutMeTests.xctest */,
				DA809E0C2BBCD02D004AABCC /* AboutMeUITests.xctest */,
			);
			name = Products;
			sourceTree = "<group>";
		};
		DA809DEB2BBCD02B004AABCC /* AboutMe */ = {
			isa = PBXGroup;
			children = (
				DA809DEC2BBCD02B004AABCC /* AppDelegate.swift */,
				DA809DEE2BBCD02B004AABCC /* SceneDelegate.swift */,
				DA809DF02BBCD02B004AABCC /* ViewController.swift */,
				DA809DF22BBCD02B004AABCC /* Main.storyboard */,
				DA809DF82BBCD02D004AABCC /* Assets.xcassets */,
				DA809DFA2BBCD02D004AABCC /* LaunchScreen.storyboard */,
				DA809DFD2BBCD02D004AABCC /* Info.plist */,
				DA809DF52BBCD02B004AABCC /* AboutMe.xcdatamodeld */,
			);
			path = AboutMe;
			sourceTree = "<group>";
		};
		DA809E052BBCD02D004AABCC /* AboutMeTests */ = {
			isa = PBXGroup;
			children = (
				DA809E062BBCD02D004AABCC /* AboutMeTests.swift */,
			);
			path = AboutMeTests;
			sourceTree = "<group>";
		};
		DA809E0F2BBCD02D004AABCC /* AboutMeUITests */ = {
			isa = PBXGroup;
			children = (
				DA809E102BBCD02D004AABCC /* AboutMeUITests.swift */,
				DA809E122BBCD02D004AABCC /* AboutMeUITestsLaunchTests.swift */,
			);
			path = AboutMeUITests;
			sourceTree = "<group>";
		};
/* End PBXGroup section */

/* Begin PBXNativeTarget section */
		DA809DE82BBCD02B004AABCC /* AboutMe */ = {
			isa = PBXNativeTarget;
			buildConfigurationList = DA809E162BBCD02D004AABCC /* Build configuration list for PBXNativeTarget "AboutMe" */;
			buildPhases = (
				DA809DE52BBCD02B004AABCC /* Sources */,
				DA809DE62BBCD02B004AABCC /* Frameworks */,
				DA809DE72BBCD02B004AABCC /* Resources */,
			);
			buildRules = (
			);
			dependencies = (
			);
			name = AboutMe;
			productName = AboutMe;
			productReference = DA809DE92BBCD02B004AABCC /* AboutMe.app */;
			productType = "com.apple.product-type.application";
		};
		DA809E012BBCD02D004AABCC /* AboutMeTests */ = {
			isa = PBXNativeTarget;
			buildConfigurationList = DA809E192BBCD02D004AABCC /* Build configuration list for PBXNativeTarget "AboutMeTests" */;
			buildPhases = (
				DA809DFE2BBCD02D004AABCC /* Sources */,
				DA809DFF2BBCD02D004AABCC /* Frameworks */,
				DA809E002BBCD02D004AABCC /* Resources */,
			);
			buildRules = (
			);
			dependencies = (
				DA809E042BBCD02D004AABCC /* PBXTargetDependency */,
			);
			name = AboutMeTests;
			productName = AboutMeTests;
			productReference = DA809E022BBCD02D004AABCC /* AboutMeTests.xctest */;
			productType = "com.apple.product-type.bundle.unit-test";
		};
		DA809E0B2BBCD02D004AABCC /* AboutMeUITests */ = {
			isa = PBXNativeTarget;
			buildConfigurationList = DA809E1C2BBCD02D004AABCC /* Build configuration list for PBXNativeTarget "AboutMeUITests" */;
			buildPhases = (
				DA809E082BBCD02D004AABCC /* Sources */,
				DA809E092BBCD02D004AABCC /* Frameworks */,
				DA809E0A2BBCD02D004AABCC /* Resources */,
			);
			buildRules = (
			);
			dependencies = (
				DA809E0E2BBCD02D004AABCC /* PBXTargetDependency */,
			);
			name = AboutMeUITests;
			productName = AboutMeUITests;
			productReference = DA809E0C2BBCD02D004AABCC /* AboutMeUITests.xctest */;
			productType = "com.apple.product-type.bundle.ui-testing";
		};
/* End PBXNativeTarget section */

/* Begin PBXProject section */
		DA809DE12BBCD02B004AABCC /* Project object */ = {
			isa = PBXProject;
			attributes = {
				BuildIndependentTargetsInParallel = 1;
				LastSwiftUpdateCheck = 1520;
				LastUpgradeCheck = 1520;
				TargetAttributes = {
					DA809DE82BBCD02B004AABCC = {
						CreatedOnToolsVersion = 15.2;
					};
					DA809E012BBCD02D004AABCC = {
						CreatedOnToolsVersion = 15.2;
						TestTargetID = DA809DE82BBCD02B004AABCC;
					};
					DA809E0B2BBCD02D004AABCC = {
						CreatedOnToolsVersion = 15.2;
						TestTargetID = DA809DE82BBCD02B004AABCC;
					};
				};
			};
			buildConfigurationList = DA809DE42BBCD02B004AABCC /* Build configuration list for PBXProject "AboutMe" */;
			compatibilityVersion = "Xcode 14.0";
			developmentRegion = en;
			hasScannedForEncodings = 0;
			knownRegions = (
				en,
				Base,
			);
			mainGroup = DA809DE02BBCD02B004AABCC;
			productRefGroup = DA809DEA2BBCD02B004AABCC /* Products */;
			projectDirPath = "";
			projectRoot = "";
			targets = (
				DA809DE82BBCD02B004AABCC /* AboutMe */,
				DA809E012BBCD02D004AABCC /* AboutMeTests */,
				DA809E0B2BBCD02D004AABCC /* AboutMeUITests */,
			);
		};
/* End PBXProject section */

/* Begin PBXResourcesBuildPhase section */
		DA809DE72BBCD02B004AABCC /* Resources */ = {
			isa = PBXResourcesBuildPhase;
			buildActionMask = 2147483647;
			files = (
				DA809DFC2BBCD02D004AABCC /* LaunchScreen.storyboard in Resources */,
				DA809DF92BBCD02D004AABCC /* Assets.xcassets in Resources */,
				DA809DF42BBCD02B004AABCC /* Main.storyboard in Resources */,
			);
			runOnlyForDeploymentPostprocessing = 0;
		};
		DA809E002BBCD02D004AABCC /* Resources */ = {
			isa = PBXResourcesBuildPhase;
			buildActionMask = 2147483647;
			files = (
			);
			runOnlyForDeploymentPostprocessing = 0;
		};
		DA809E0A2BBCD02D004AABCC /* Resources */ = {
			isa = PBXResourcesBuildPhase;
			buildActionMask = 2147483647;
			files = (
			);
			runOnlyForDeploymentPostprocessing = 0;
		};
/* End PBXResourcesBuildPhase section */

/* Begin PBXSourcesBuildPhase section */
		DA809DE52BBCD02B004AABCC /* Sources */ = {
			isa = PBXSourcesBuildPhase;
			buildActionMask = 2147483647;
			files = (
				DA809DF12BBCD02B004AABCC /* ViewController.swift in Sources */,
				DA809DF72BBCD02B004AABCC /* AboutMe.xcdatamodeld in Sources */,
				DA809DED2BBCD02B004AABCC /* AppDelegate.swift in Sources */,
				DA809DEF2BBCD02B004AABCC /* SceneDelegate.swift in Sources */,
			);
			runOnlyForDeploymentPostprocessing = 0;
		};
		DA809DFE2BBCD02D004AABCC /* Sources */ = {
			isa = PBXSourcesBuildPhase;
			buildActionMask = 2147483647;
			files = (
				DA809E072BBCD02D004AABCC /* AboutMeTests.swift in Sources */,
			);
			runOnlyForDeploymentPostprocessing = 0;
		};
		DA809E082BBCD02D004AABCC /* Sources */ = {
			isa = PBXSourcesBuildPhase;
			buildActionMask = 2147483647;
			files = (
				DA809E132BBCD02D004AABCC /* AboutMeUITestsLaunchTests.swift in Sources */,
				DA809E112BBCD02D004AABCC /* AboutMeUITests.swift in Sources */,
			);
			runOnlyForDeploymentPostprocessing = 0;
		};
/* End PBXSourcesBuildPhase section */

/* Begin PBXTargetDependency section */
		DA809E042BBCD02D004AABCC /* PBXTargetDependency */ = {
			isa = PBXTargetDependency;
			target = DA809DE82BBCD02B004AABCC /* AboutMe */;
			targetProxy = DA809E032BBCD02D004AABCC /* PBXContainerItemProxy */;
		};
		DA809E0E2BBCD02D004AABCC /* PBXTargetDependency */ = {
			isa = PBXTargetDependency;
			target = DA809DE82BBCD02B004AABCC /* AboutMe */;
			targetProxy = DA809E0D2BBCD02D004AABCC /* PBXContainerItemProxy */;
		};
/* End PBXTargetDependency section */

/* Begin PBXVariantGroup section */
		DA809DF22BBCD02B004AABCC /* Main.storyboard */ = {
			isa = PBXVariantGroup;
			children = (
				DA809DF32BBCD02B004AABCC /* Base */,
			);
			name = Main.storyboard;
			sourceTree = "<group>";
		};
		DA809DFA2BBCD02D004AABCC /* LaunchScreen.storyboard */ = {
			isa = PBXVariantGroup;
			children = (
				DA809DFB2BBCD02D004AABCC /* Base */,
			);
			name = LaunchScreen.storyboard;
			sourceTree = "<group>";
		};
/* End PBXVariantGroup section */

/* Begin XCBuildConfiguration section */
		DA809E142BBCD02D004AABCC /* Debug */ = {
			isa = XCBuildConfiguration;
			buildSettings = {
				ALWAYS_SEARCH_USER_PATHS = NO;
				ASSETCATALOG_COMPILER_GENERATE_SWIFT_ASSET_SYMBOL_EXTENSIONS = YES;
				CLANG_ANALYZER_NONNULL = YES;
				CLANG_ANALYZER_NUMBER_OBJECT_CONVERSION = YES_AGGRESSIVE;
				CLANG_CXX_LANGUAGE_STANDARD = "gnu++20";
				CLANG_ENABLE_MODULES = YES;
				CLANG_ENABLE_OBJC_ARC = YES;
				CLANG_ENABLE_OBJC_WEAK = YES;
				CLANG_WARN_BLOCK_CAPTURE_AUTORELEASING = YES;
				CLANG_WARN_BOOL_CONVERSION = YES;
				CLANG_WARN_COMMA = YES;
				CLANG_WARN_CONSTANT_CONVERSION = YES;
				CLANG_WARN_DEPRECATED_OBJC_IMPLEMENTATIONS = YES;
				CLANG_WARN_DIRECT_OBJC_ISA_USAGE = YES_ERROR;
				CLANG_WARN_DOCUMENTATION_COMMENTS = YES;
				CLANG_WARN_EMPTY_BODY = YES;
				CLANG_WARN_ENUM_CONVERSION = YES;
				CLANG_WARN_INFINITE_RECURSION = YES;
				CLANG_WARN_INT_CONVERSION = YES;
				CLANG_WARN_NON_LITERAL_NULL_CONVERSION = YES;
				CLANG_WARN_OBJC_IMPLICIT_RETAIN_SELF = YES;
				CLANG_WARN_OBJC_LITERAL_CONVERSION = YES;
				CLANG_WARN_OBJC_ROOT_CLASS = YES_ERROR;
				CLANG_WARN_QUOTED_INCLUDE_IN_FRAMEWORK_HEADER = YES;
				CLANG_WARN_RANGE_LOOP_ANALYSIS = YES;
				CLANG_WARN_STRICT_PROTOTYPES = YES;
				CLANG_WARN_SUSPICIOUS_MOVE = YES;
				CLANG_WARN_UNGUARDED_AVAILABILITY = YES_AGGRESSIVE;
				CLANG_WARN_UNREACHABLE_CODE = YES;
				CLANG_WARN__DUPLICATE_METHOD_MATCH = YES;
				COPY_PHASE_STRIP = NO;
				DEBUG_INFORMATION_FORMAT = dwarf;
				ENABLE_STRICT_OBJC_MSGSEND = YES;
				ENABLE_TESTABILITY = YES;
				ENABLE_USER_SCRIPT_SANDBOXING = YES;
				GCC_C_LANGUAGE_STANDARD = gnu17;
				GCC_DYNAMIC_NO_PIC = NO;
				GCC_NO_COMMON_BLOCKS = YES;
				GCC_OPTIMIZATION_LEVEL = 0;
				GCC_PREPROCESSOR_DEFINITIONS = (
					"DEBUG=1",
					"$(inherited)",
				);
				GCC_WARN_64_TO_32_BIT_CONVERSION = YES;
				GCC_WARN_ABOUT_RETURN_TYPE = YES_ERROR;
				GCC_WARN_UNDECLARED_SELECTOR = YES;
				GCC_WARN_UNINITIALIZED_AUTOS = YES_AGGRESSIVE;
				GCC_WARN_UNUSED_FUNCTION = YES;
				GCC_WARN_UNUSED_VARIABLE = YES;
				IPHONEOS_DEPLOYMENT_TARGET = 17.2;
				LOCALIZATION_PREFERS_STRING_CATALOGS = YES;
				MTL_ENABLE_DEBUG_INFO = INCLUDE_SOURCE;
				MTL_FAST_MATH = YES;
				ONLY_ACTIVE_ARCH = YES;
				SDKROOT = iphoneos;
				SWIFT_ACTIVE_COMPILATION_CONDITIONS = "DEBUG $(inherited)";
				SWIFT_OPTIMIZATION_LEVEL = "-Onone";
			};
			name = Debug;
		};
		DA809E152BBCD02D004AABCC /* Release */ = {
			isa = XCBuildConfiguration;
			buildSettings = {
				ALWAYS_SEARCH_USER_PATHS = NO;
				ASSETCATALOG_COMPILER_GENERATE_SWIFT_ASSET_SYMBOL_EXTENSIONS = YES;
				CLANG_ANALYZER_NONNULL = YES;
				CLANG_ANALYZER_NUMBER_OBJECT_CONVERSION = YES_AGGRESSIVE;
				CLANG_CXX_LANGUAGE_STANDARD = "gnu++20";
				CLANG_ENABLE_MODULES = YES;
				CLANG_ENABLE_OBJC_ARC = YES;
				CLANG_ENABLE_OBJC_WEAK = YES;
				CLANG_WARN_BLOCK_CAPTURE_AUTORELEASING = YES;
				CLANG_WARN_BOOL_CONVERSION = YES;
				CLANG_WARN_COMMA = YES;
				CLANG_WARN_CONSTANT_CONVERSION = YES;
				CLANG_WARN_DEPRECATED_OBJC_IMPLEMENTATIONS = YES;
				CLANG_WARN_DIRECT_OBJC_ISA_USAGE = YES_ERROR;
				CLANG_WARN_DOCUMENTATION_COMMENTS = YES;
				CLANG_WARN_EMPTY_BODY = YES;
				CLANG_WARN_ENUM_CONVERSION = YES;
				CLANG_WARN_INFINITE_RECURSION = YES;
				CLANG_WARN_INT_CONVERSION = YES;
				CLANG_WARN_NON_LITERAL_NULL_CONVERSION = YES;
				CLANG_WARN_OBJC_IMPLICIT_RETAIN_SELF = YES;
				CLANG_WARN_OBJC_LITERAL_CONVERSION = YES;
				CLANG_WARN_OBJC_ROOT_CLASS = YES_ERROR;
				CLANG_WARN_QUOTED_INCLUDE_IN_FRAMEWORK_HEADER = YES;
				CLANG_WARN_RANGE_LOOP_ANALYSIS = YES;
				CLANG_WARN_STRICT_PROTOTYPES = YES;
				CLANG_WARN_SUSPICIOUS_MOVE = YES;
				CLANG_WARN_UNGUARDED_AVAILABILITY = YES_AGGRESSIVE;
				CLANG_WARN_UNREACHABLE_CODE = YES;
				CLANG_WARN__DUPLICATE_METHOD_MATCH = YES;
				COPY_PHASE_STRIP = NO;
				DEBUG_INFORMATION_FORMAT = "dwarf-with-dsym";
				ENABLE_NS_ASSERTIONS = NO;
				ENABLE_STRICT_OBJC_MSGSEND = YES;
				ENABLE_USER_SCRIPT_SANDBOXING = YES;
				GCC_C_LANGUAGE_STANDARD = gnu17;
				GCC_NO_COMMON_BLOCKS = YES;
				GCC_WARN_64_TO_32_BIT_CONVERSION = YES;
				GCC_WARN_ABOUT_RETURN_TYPE = YES_ERROR;
				GCC_WARN_UNDECLARED_SELECTOR = YES;
				GCC_WARN_UNINITIALIZED_AUTOS = YES_AGGRESSIVE;
				GCC_WARN_UNUSED_FUNCTION = YES;
				GCC_WARN_UNUSED_VARIABLE = YES;
				IPHONEOS_DEPLOYMENT_TARGET = 17.2;
				LOCALIZATION_PREFERS_STRING_CATALOGS = YES;
				MTL_ENABLE_DEBUG_INFO = NO;
				MTL_FAST_MATH = YES;
				SDKROOT = iphoneos;
				SWIFT_COMPILATION_MODE = wholemodule;
				VALIDATE_PRODUCT = YES;
			};
			name = Release;
		};
		DA809E172BBCD02D004AABCC /* Debug */ = {
			isa = XCBuildConfiguration;
			buildSettings = {
				ASSETCATALOG_COMPILER_APPICON_NAME = AppIcon;
				ASSETCATALOG_COMPILER_GLOBAL_ACCENT_COLOR_NAME = AccentColor;
				CODE_SIGN_STYLE = Automatic;
				CURRENT_PROJECT_VERSION = 1;
				GENERATE_INFOPLIST_FILE = YES;
				INFOPLIST_FILE = AboutMe/Info.plist;
				INFOPLIST_KEY_UIApplicationSupportsIndirectInputEvents = YES;
				INFOPLIST_KEY_UILaunchStoryboardName = LaunchScreen;
				INFOPLIST_KEY_UIMainStoryboardFile = Main;
				INFOPLIST_KEY_UISupportedInterfaceOrientations_iPad = "UIInterfaceOrientationPortrait UIInterfaceOrientationPortraitUpsideDown UIInterfaceOrientationLandscapeLeft UIInterfaceOrientationLandscapeRight";
				INFOPLIST_KEY_UISupportedInterfaceOrientations_iPhone = "UIInterfaceOrientationPortrait UIInterfaceOrientationLandscapeLeft UIInterfaceOrientationLandscapeRight";
				LD_RUNPATH_SEARCH_PATHS = (
					"$(inherited)",
					"@executable_path/Frameworks",
				);
				MARKETING_VERSION = 1.0;
				PRODUCT_BUNDLE_IDENTIFIER = iOS.AboutMe;
				PRODUCT_NAME = "$(TARGET_NAME)";
				SWIFT_EMIT_LOC_STRINGS = YES;
				SWIFT_VERSION = 5.0;
				TARGETED_DEVICE_FAMILY = "1,2";
			};
			name = Debug;
		};
		DA809E182BBCD02D004AABCC /* Release */ = {
			isa = XCBuildConfiguration;
			buildSettings = {
				ASSETCATALOG_COMPILER_APPICON_NAME = AppIcon;
				ASSETCATALOG_COMPILER_GLOBAL_ACCENT_COLOR_NAME = AccentColor;
				CODE_SIGN_STYLE = Automatic;
				CURRENT_PROJECT_VERSION = 1;
				GENERATE_INFOPLIST_FILE = YES;
				INFOPLIST_FILE = AboutMe/Info.plist;
				INFOPLIST_KEY_UIApplicationSupportsIndirectInputEvents = YES;
				INFOPLIST_KEY_UILaunchStoryboardName = LaunchScreen;
				INFOPLIST_KEY_UIMainStoryboardFile = Main;
				INFOPLIST_KEY_UISupportedInterfaceOrientations_iPad = "UIInterfaceOrientationPortrait UIInterfaceOrientationPortraitUpsideDown UIInterfaceOrientationLandscapeLeft UIInterfaceOrientationLandscapeRight";
				INFOPLIST_KEY_UISupportedInterfaceOrientations_iPhone = "UIInterfaceOrientationPortrait UIInterfaceOrientationLandscapeLeft UIInterfaceOrientationLandscapeRight";
				LD_RUNPATH_SEARCH_PATHS = (
					"$(inherited)",
					"@executable_path/Frameworks",
				);
				MARKETING_VERSION = 1.0;
				PRODUCT_BUNDLE_IDENTIFIER = iOS.AboutMe;
				PRODUCT_NAME = "$(TARGET_NAME)";
				SWIFT_EMIT_LOC_STRINGS = YES;
				SWIFT_VERSION = 5.0;
				TARGETED_DEVICE_FAMILY = "1,2";
			};
			name = Release;
		};
		DA809E1A2BBCD02D004AABCC /* Debug */ = {
			isa = XCBuildConfiguration;
			buildSettings = {
				ALWAYS_EMBED_SWIFT_STANDARD_LIBRARIES = YES;
				BUNDLE_LOADER = "$(TEST_HOST)";
				CODE_SIGN_STYLE = Automatic;
				CURRENT_PROJECT_VERSION = 1;
				GENERATE_INFOPLIST_FILE = YES;
				IPHONEOS_DEPLOYMENT_TARGET = 17.2;
				MARKETING_VERSION = 1.0;
				PRODUCT_BUNDLE_IDENTIFIER = iOS.AboutMeTests;
				PRODUCT_NAME = "$(TARGET_NAME)";
				SWIFT_EMIT_LOC_STRINGS = NO;
				SWIFT_VERSION = 5.0;
				TARGETED_DEVICE_FAMILY = "1,2";
				TEST_HOST = "$(BUILT_PRODUCTS_DIR)/AboutMe.app/$(BUNDLE_EXECUTABLE_FOLDER_PATH)/AboutMe";
			};
			name = Debug;
		};
		DA809E1B2BBCD02D004AABCC /* Release */ = {
			isa = XCBuildConfiguration;
			buildSettings = {
				ALWAYS_EMBED_SWIFT_STANDARD_LIBRARIES = YES;
				BUNDLE_LOADER = "$(TEST_HOST)";
				CODE_SIGN_STYLE = Automatic;
				CURRENT_PROJECT_VERSION = 1;
				GENERATE_INFOPLIST_FILE = YES;
				IPHONEOS_DEPLOYMENT_TARGET = 17.2;
				MARKETING_VERSION = 1.0;
				PRODUCT_BUNDLE_IDENTIFIER = iOS.AboutMeTests;
				PRODUCT_NAME = "$(TARGET_NAME)";
				SWIFT_EMIT_LOC_STRINGS = NO;
				SWIFT_VERSION = 5.0;
				TARGETED_DEVICE_FAMILY = "1,2";
				TEST_HOST = "$(BUILT_PRODUCTS_DIR)/AboutMe.app/$(BUNDLE_EXECUTABLE_FOLDER_PATH)/AboutMe";
			};
			name = Release;
		};
		DA809E1D2BBCD02D004AABCC /* Debug */ = {
			isa = XCBuildConfiguration;
			buildSettings = {
				ALWAYS_EMBED_SWIFT_STANDARD_LIBRARIES = YES;
				CODE_SIGN_STYLE = Automatic;
				CURRENT_PROJECT_VERSION = 1;
				GENERATE_INFOPLIST_FILE = YES;
				MARKETING_VERSION = 1.0;
				PRODUCT_BUNDLE_IDENTIFIER = iOS.AboutMeUITests;
				PRODUCT_NAME = "$(TARGET_NAME)";
				SWIFT_EMIT_LOC_STRINGS = NO;
				SWIFT_VERSION = 5.0;
				TARGETED_DEVICE_FAMILY = "1,2";
				TEST_TARGET_NAME = AboutMe;
			};
			name = Debug;
		};
		DA809E1E2BBCD02D004AABCC /* Release */ = {
			isa = XCBuildConfiguration;
			buildSettings = {
				ALWAYS_EMBED_SWIFT_STANDARD_LIBRARIES = YES;
				CODE_SIGN_STYLE = Automatic;
				CURRENT_PROJECT_VERSION = 1;
				GENERATE_INFOPLIST_FILE = YES;
				MARKETING_VERSION = 1.0;
				PRODUCT_BUNDLE_IDENTIFIER = iOS.AboutMeUITests;
				PRODUCT_NAME = "$(TARGET_NAME)";
				SWIFT_EMIT_LOC_STRINGS = NO;
				SWIFT_VERSION = 5.0;
				TARGETED_DEVICE_FAMILY = "1,2";
				TEST_TARGET_NAME = AboutMe;
			};
			name = Release;
		};
/* End XCBuildConfiguration section */

/* Begin XCConfigurationList section */
		DA809DE42BBCD02B004AABCC /* Build configuration list for PBXProject "AboutMe" */ = {
			isa = XCConfigurationList;
			buildConfigurations = (
				DA809E142BBCD02D004AABCC /* Debug */,
				DA809E152BBCD02D004AABCC /* Release */,
			);
			defaultConfigurationIsVisible = 0;
			defaultConfigurationName = Release;
		};
		DA809E162BBCD02D004AABCC /* Build configuration list for PBXNativeTarget "AboutMe" */ = {
			isa = XCConfigurationList;
			buildConfigurations = (
				DA809E172BBCD02D004AABCC /* Debug */,
				DA809E182BBCD02D004AABCC /* Release */,
			);
			defaultConfigurationIsVisible = 0;
			defaultConfigurationName = Release;
		};
		DA809E192BBCD02D004AABCC /* Build configuration list for PBXNativeTarget "AboutMeTests" */ = {
			isa = XCConfigurationList;
			buildConfigurations = (
				DA809E1A2BBCD02D004AABCC /* Debug */,
				DA809E1B2BBCD02D004AABCC /* Release */,
			);
			defaultConfigurationIsVisible = 0;
			defaultConfigurationName = Release;
		};
		DA809E1C2BBCD02D004AABCC /* Build configuration list for PBXNativeTarget "AboutMeUITests" */ = {
			isa = XCConfigurationList;
			buildConfigurations = (
				DA809E1D2BBCD02D004AABCC /* Debug */,
				DA809E1E2BBCD02D004AABCC /* Release */,
			);
			defaultConfigurationIsVisible = 0;
			defaultConfigurationName = Release;
		};
/* End XCConfigurationList section */

/* Begin XCVersionGroup section */
		DA809DF52BBCD02B004AABCC /* AboutMe.xcdatamodeld */ = {
			isa = XCVersionGroup;
			children = (
				DA809DF62BBCD02B004AABCC /* AboutMe.xcdatamodel */,
			);
			currentVersion = DA809DF62BBCD02B004AABCC /* AboutMe.xcdatamodel */;
			path = AboutMe.xcdatamodeld;
			sourceTree = "<group>";
			versionGroupType = wrapper.xcdatamodel;
		};
/* End XCVersionGroup section */
	};
	rootObject = DA809DE12BBCD02B004AABCC /* Project object */;
}
